{
  "nodes": {
    "nixpkgs": {
      "locked": {
        "lastModified": 1733736681,
        "narHash": "sha256-VUquPsLTpFx+oitFrNCrrUqhtZXOfr0UuT5m6ww4QSs=",
        "owner": "nixos",
        "repo": "nixpkgs",
        "rev": "98ebb7e0b2b598196f83c355292b9db4e801bd99",
        "type": "github"
      },
      "original": {
        "owner": "nixos",
        "repo": "nixpkgs",
        "type": "github"
      }
    },
    "root": {
      "inputs": {
        "nixpkgs": "nixpkgs"
      }
    }
  },
  "root": "root",
  "version": 7
}
