{
  "nodes": {
    "nixpkgs": {
      "locked": {
        "lastModified": 1721765709,
        "narHash": "sha256-yQ/0UCxLmEgCmKGQQaj/JkCDwrzP8YCP/D13Fd30qLE=",
        "owner": "nixos",
        "repo": "nixpkgs",
        "rev": "61f2ced8b0aaf954c37c1b7ecb1dd22454f9eee8",
        "type": "github"
      },
      "original": {
        "owner": "nixos",
        "repo": "nixpkgs",
        "type": "github"
      }
    },
    "root": {
      "inputs": {
        "nixpkgs": "nixpkgs"
      }
    }
  },
  "root": "root",
  "version": 7
}
