{
  "nodes": {
    "nixpkgs": {
      "locked": {
        "lastModified": 1715381338,
        "narHash": "sha256-bvUY8xJ45D9bDuneca8bZQ6itgUM0zH1DHb8gB+CBNY=",
        "owner": "nixos",
        "repo": "nixpkgs",
        "rev": "87f9e7dd92cd063a5a27a009d0fee25c84f16c83",
        "type": "github"
      },
      "original": {
        "owner": "nixos",
        "repo": "nixpkgs",
        "type": "github"
      }
    },
    "root": {
      "inputs": {
        "nixpkgs": "nixpkgs"
      }
    }
  },
  "root": "root",
  "version": 7
}
